// !$*UTF8*$!
{
	archiveVersion = 1;
	classes = {
	};
	objectVersion = 50;
	objects = {

/* Begin PBXBuildFile section */
		5D15A128220B326D004E2EC5 /* AllListsViewController.swift in Sources */ = {isa = PBXBuildFile; fileRef = 5D15A127220B326D004E2EC5 /* AllListsViewController.swift */; };
		5D15A12A220B4D4C004E2EC5 /* TodoList.swift in Sources */ = {isa = PBXBuildFile; fileRef = 5D15A129220B4D4C004E2EC5 /* TodoList.swift */; };
		5D15A12C220B5CF9004E2EC5 /* ListDetailViewController.swift in Sources */ = {isa = PBXBuildFile; fileRef = 5D15A12B220B5CF9004E2EC5 /* ListDetailViewController.swift */; };
		5D299DE82201CB2200FA66C5 /* AppDelegate.swift in Sources */ = {isa = PBXBuildFile; fileRef = 5D299DE72201CB2200FA66C5 /* AppDelegate.swift */; };
		5D299DEA2201CB2200FA66C5 /* TodoListViewController.swift in Sources */ = {isa = PBXBuildFile; fileRef = 5D299DE92201CB2200FA66C5 /* TodoListViewController.swift */; };
		5D299DED2201CB2200FA66C5 /* Main.storyboard in Resources */ = {isa = PBXBuildFile; fileRef = 5D299DEB2201CB2200FA66C5 /* Main.storyboard */; };
		5D299DEF2201CB2300FA66C5 /* Assets.xcassets in Resources */ = {isa = PBXBuildFile; fileRef = 5D299DEE2201CB2300FA66C5 /* Assets.xcassets */; };
		5D35247A22161E1800E06EFA /* temp.swift in Sources */ = {isa = PBXBuildFile; fileRef = 5D35247922161E1800E06EFA /* temp.swift */; };
		5D35247C22162BED00E06EFA /* DataModel.swift in Sources */ = {isa = PBXBuildFile; fileRef = 5D35247B22162BED00E06EFA /* DataModel.swift */; };
		5D3F293D2206477A00450F82 /* TodoListItem.swift in Sources */ = {isa = PBXBuildFile; fileRef = 5D3F293C2206477A00450F82 /* TodoListItem.swift */; };
		5D8B46DA221713EA005ED197 /* IconPickerViewController.swift in Sources */ = {isa = PBXBuildFile; fileRef = 5D8B46D9221713EA005ED197 /* IconPickerViewController.swift */; };
		5DA2FD88220A0B2A0047F720 /* ItemDetailViewController.swift in Sources */ = {isa = PBXBuildFile; fileRef = 5DA2FD87220A0B2A0047F720 /* ItemDetailViewController.swift */; };
/* End PBXBuildFile section */

/* Begin PBXFileReference section */
		5D15A127220B326D004E2EC5 /* AllListsViewController.swift */ = {isa = PBXFileReference; lastKnownFileType = sourcecode.swift; path = AllListsViewController.swift; sourceTree = "<group>"; };
		5D15A129220B4D4C004E2EC5 /* TodoList.swift */ = {isa = PBXFileReference; lastKnownFileType = sourcecode.swift; path = TodoList.swift; sourceTree = "<group>"; };
		5D15A12B220B5CF9004E2EC5 /* ListDetailViewController.swift */ = {isa = PBXFileReference; lastKnownFileType = sourcecode.swift; path = ListDetailViewController.swift; sourceTree = "<group>"; };
		5D299DE42201CB2200FA66C5 /* TodoLists.app */ = {isa = PBXFileReference; explicitFileType = wrapper.application; includeInIndex = 0; path = TodoLists.app; sourceTree = BUILT_PRODUCTS_DIR; };
		5D299DE72201CB2200FA66C5 /* AppDelegate.swift */ = {isa = PBXFileReference; lastKnownFileType = sourcecode.swift; path = AppDelegate.swift; sourceTree = "<group>"; };
		5D299DE92201CB2200FA66C5 /* TodoListViewController.swift */ = {isa = PBXFileReference; lastKnownFileType = sourcecode.swift; path = TodoListViewController.swift; sourceTree = "<group>"; };
		5D299DEC2201CB2200FA66C5 /* Base */ = {isa = PBXFileReference; lastKnownFileType = file.storyboard; name = Base; path = Base.lproj/Main.storyboard; sourceTree = "<group>"; };
		5D299DEE2201CB2300FA66C5 /* Assets.xcassets */ = {isa = PBXFileReference; lastKnownFileType = folder.assetcatalog; path = Assets.xcassets; sourceTree = "<group>"; };
		5D299DF32201CB2300FA66C5 /* Info.plist */ = {isa = PBXFileReference; lastKnownFileType = text.plist.xml; path = Info.plist; sourceTree = "<group>"; };
		5D35247922161E1800E06EFA /* temp.swift */ = {isa = PBXFileReference; lastKnownFileType = sourcecode.swift; path = temp.swift; sourceTree = "<group>"; };
		5D35247B22162BED00E06EFA /* DataModel.swift */ = {isa = PBXFileReference; lastKnownFileType = sourcecode.swift; path = DataModel.swift; sourceTree = "<group>"; };
		5D3F293C2206477A00450F82 /* TodoListItem.swift */ = {isa = PBXFileReference; lastKnownFileType = sourcecode.swift; path = TodoListItem.swift; sourceTree = "<group>"; };
		5D8B46D9221713EA005ED197 /* IconPickerViewController.swift */ = {isa = PBXFileReference; lastKnownFileType = sourcecode.swift; path = IconPickerViewController.swift; sourceTree = "<group>"; };
		5DA2FD87220A0B2A0047F720 /* ItemDetailViewController.swift */ = {isa = PBXFileReference; lastKnownFileType = sourcecode.swift; path = ItemDetailViewController.swift; sourceTree = "<group>"; };
/* End PBXFileReference section */

/* Begin PBXFrameworksBuildPhase section */
		5D299DE12201CB2200FA66C5 /* Frameworks */ = {
			isa = PBXFrameworksBuildPhase;
			buildActionMask = 2147483647;
			files = (
			);
			runOnlyForDeploymentPostprocessing = 0;
		};
/* End PBXFrameworksBuildPhase section */

/* Begin PBXGroup section */
		5D299DDB2201CB2200FA66C5 = {
			isa = PBXGroup;
			children = (
				5D299DE62201CB2200FA66C5 /* TodoLists */,
				5D299DE52201CB2200FA66C5 /* Products */,
			);
			sourceTree = "<group>";
		};
		5D299DE52201CB2200FA66C5 /* Products */ = {
			isa = PBXGroup;
			children = (
				5D299DE42201CB2200FA66C5 /* TodoLists.app */,
			);
			name = Products;
			sourceTree = "<group>";
		};
		5D299DE62201CB2200FA66C5 /* TodoLists */ = {
			isa = PBXGroup;
			children = (
				5D2F12B72216C42A00E59D60 /* Resources */,
				5D2F12B62216C41900E59D60 /* View Controllers  */,
				5D2F12B52216C40800E59D60 /* Data Models  */,
				5D299DE72201CB2200FA66C5 /* AppDelegate.swift */,
				5D299DF32201CB2300FA66C5 /* Info.plist */,
				5D35247922161E1800E06EFA /* temp.swift */,
				5D8B46D9221713EA005ED197 /* IconPickerViewController.swift */,
			);
			path = TodoLists;
			sourceTree = "<group>";
		};
		5D2F12B52216C40800E59D60 /* Data Models  */ = {
			isa = PBXGroup;
			children = (
				5D35247B22162BED00E06EFA /* DataModel.swift */,
				5D3F293C2206477A00450F82 /* TodoListItem.swift */,
				5D15A129220B4D4C004E2EC5 /* TodoList.swift */,
			);
			path = "Data Models ";
			sourceTree = "<group>";
		};
		5D2F12B62216C41900E59D60 /* View Controllers  */ = {
			isa = PBXGroup;
			children = (
				5D15A12B220B5CF9004E2EC5 /* ListDetailViewController.swift */,
				5D299DE92201CB2200FA66C5 /* TodoListViewController.swift */,
				5DA2FD87220A0B2A0047F720 /* ItemDetailViewController.swift */,
				5D15A127220B326D004E2EC5 /* AllListsViewController.swift */,
			);
			path = "View Controllers ";
			sourceTree = "<group>";
		};
		5D2F12B72216C42A00E59D60 /* Resources */ = {
			isa = PBXGroup;
			children = (
				5D299DEE2201CB2300FA66C5 /* Assets.xcassets */,
				5D299DEB2201CB2200FA66C5 /* Main.storyboard */,
			);
			path = Resources;
			sourceTree = "<group>";
		};
/* End PBXGroup section */

/* Begin PBXNativeTarget section */
		5D299DE32201CB2200FA66C5 /* TodoLists */ = {
			isa = PBXNativeTarget;
			buildConfigurationList = 5D299DF62201CB2300FA66C5 /* Build configuration list for PBXNativeTarget "TodoLists" */;
			buildPhases = (
				5D299DE02201CB2200FA66C5 /* Sources */,
				5D299DE12201CB2200FA66C5 /* Frameworks */,
				5D299DE22201CB2200FA66C5 /* Resources */,
			);
			buildRules = (
			);
			dependencies = (
			);
			name = TodoLists;
			productName = TodoLists;
			productReference = 5D299DE42201CB2200FA66C5 /* TodoLists.app */;
			productType = "com.apple.product-type.application";
		};
/* End PBXNativeTarget section */

/* Begin PBXProject section */
		5D299DDC2201CB2200FA66C5 /* Project object */ = {
			isa = PBXProject;
			attributes = {
				LastSwiftUpdateCheck = 1010;
				LastUpgradeCheck = 1010;
				ORGANIZATIONNAME = CurtisScott;
				TargetAttributes = {
					5D299DE32201CB2200FA66C5 = {
						CreatedOnToolsVersion = 10.1;
					};
				};
			};
			buildConfigurationList = 5D299DDF2201CB2200FA66C5 /* Build configuration list for PBXProject "TodoLists" */;
			compatibilityVersion = "Xcode 9.3";
			developmentRegion = en;
			hasScannedForEncodings = 0;
			knownRegions = (
				en,
				Base,
			);
			mainGroup = 5D299DDB2201CB2200FA66C5;
			productRefGroup = 5D299DE52201CB2200FA66C5 /* Products */;
			projectDirPath = "";
			projectRoot = "";
			targets = (
				5D299DE32201CB2200FA66C5 /* TodoLists */,
			);
		};
/* End PBXProject section */

/* Begin PBXResourcesBuildPhase section */
		5D299DE22201CB2200FA66C5 /* Resources */ = {
			isa = PBXResourcesBuildPhase;
			buildActionMask = 2147483647;
			files = (
				5D299DEF2201CB2300FA66C5 /* Assets.xcassets in Resources */,
				5D299DED2201CB2200FA66C5 /* Main.storyboard in Resources */,
			);
			runOnlyForDeploymentPostprocessing = 0;
		};
/* End PBXResourcesBuildPhase section */

/* Begin PBXSourcesBuildPhase section */
		5D299DE02201CB2200FA66C5 /* Sources */ = {
			isa = PBXSourcesBuildPhase;
			buildActionMask = 2147483647;
			files = (
				5D3F293D2206477A00450F82 /* TodoListItem.swift in Sources */,
				5D15A12C220B5CF9004E2EC5 /* ListDetailViewController.swift in Sources */,
				5DA2FD88220A0B2A0047F720 /* ItemDetailViewController.swift in Sources */,
				5D8B46DA221713EA005ED197 /* IconPickerViewController.swift in Sources */,
				5D35247A22161E1800E06EFA /* temp.swift in Sources */,
				5D299DEA2201CB2200FA66C5 /* TodoListViewController.swift in Sources */,
				5D15A12A220B4D4C004E2EC5 /* TodoList.swift in Sources */,
				5D15A128220B326D004E2EC5 /* AllListsViewController.swift in Sources */,
				5D299DE82201CB2200FA66C5 /* AppDelegate.swift in Sources */,
				5D35247C22162BED00E06EFA /* DataModel.swift in Sources */,
			);
			runOnlyForDeploymentPostprocessing = 0;
		};
/* End PBXSourcesBuildPhase section */

/* Begin PBXVariantGroup section */
		5D299DEB2201CB2200FA66C5 /* Main.storyboard */ = {
			isa = PBXVariantGroup;
			children = (
				5D299DEC2201CB2200FA66C5 /* Base */,
			);
			name = Main.storyboard;
			sourceTree = "<group>";
		};
/* End PBXVariantGroup section */

/* Begin XCBuildConfiguration section */
		5D299DF42201CB2300FA66C5 /* Debug */ = {
			isa = XCBuildConfiguration;
			buildSettings = {
				ALWAYS_SEARCH_USER_PATHS = NO;
				CLANG_ANALYZER_NONNULL = YES;
				CLANG_ANALYZER_NUMBER_OBJECT_CONVERSION = YES_AGGRESSIVE;
				CLANG_CXX_LANGUAGE_STANDARD = "gnu++14";
				CLANG_CXX_LIBRARY = "libc++";
				CLANG_ENABLE_MODULES = YES;
				CLANG_ENABLE_OBJC_ARC = YES;
				CLANG_ENABLE_OBJC_WEAK = YES;
				CLANG_WARN_BLOCK_CAPTURE_AUTORELEASING = YES;
				CLANG_WARN_BOOL_CONVERSION = YES;
				CLANG_WARN_COMMA = YES;
				CLANG_WARN_CONSTANT_CONVERSION = YES;
				CLANG_WARN_DEPRECATED_OBJC_IMPLEMENTATIONS = YES;
				CLANG_WARN_DIRECT_OBJC_ISA_USAGE = YES_ERROR;
				CLANG_WARN_DOCUMENTATION_COMMENTS = YES;
				CLANG_WARN_EMPTY_BODY = YES;
				CLANG_WARN_ENUM_CONVERSION = YES;
				CLANG_WARN_INFINITE_RECURSION = YES;
				CLANG_WARN_INT_CONVERSION = YES;
				CLANG_WARN_NON_LITERAL_NULL_CONVERSION = YES;
				CLANG_WARN_OBJC_IMPLICIT_RETAIN_SELF = YES;
				CLANG_WARN_OBJC_LITERAL_CONVERSION = YES;
				CLANG_WARN_OBJC_ROOT_CLASS = YES_ERROR;
				CLANG_WARN_RANGE_LOOP_ANALYSIS = YES;
				CLANG_WARN_STRICT_PROTOTYPES = YES;
				CLANG_WARN_SUSPICIOUS_MOVE = YES;
				CLANG_WARN_UNGUARDED_AVAILABILITY = YES_AGGRESSIVE;
				CLANG_WARN_UNREACHABLE_CODE = YES;
				CLANG_WARN__DUPLICATE_METHOD_MATCH = YES;
				CODE_SIGN_IDENTITY = "iPhone Developer";
				COPY_PHASE_STRIP = NO;
				DEBUG_INFORMATION_FORMAT = dwarf;
				ENABLE_STRICT_OBJC_MSGSEND = YES;
				ENABLE_TESTABILITY = YES;
				GCC_C_LANGUAGE_STANDARD = gnu11;
				GCC_DYNAMIC_NO_PIC = NO;
				GCC_NO_COMMON_BLOCKS = YES;
				GCC_OPTIMIZATION_LEVEL = 0;
				GCC_PREPROCESSOR_DEFINITIONS = (
					"DEBUG=1",
					"$(inherited)",
				);
				GCC_WARN_64_TO_32_BIT_CONVERSION = YES;
				GCC_WARN_ABOUT_RETURN_TYPE = YES_ERROR;
				GCC_WARN_UNDECLARED_SELECTOR = YES;
				GCC_WARN_UNINITIALIZED_AUTOS = YES_AGGRESSIVE;
				GCC_WARN_UNUSED_FUNCTION = YES;
				GCC_WARN_UNUSED_VARIABLE = YES;
				IPHONEOS_DEPLOYMENT_TARGET = 12.1;
				MTL_ENABLE_DEBUG_INFO = INCLUDE_SOURCE;
				MTL_FAST_MATH = YES;
				ONLY_ACTIVE_ARCH = YES;
				SDKROOT = iphoneos;
				SWIFT_ACTIVE_COMPILATION_CONDITIONS = DEBUG;
				SWIFT_OPTIMIZATION_LEVEL = "-Onone";
			};
			name = Debug;
		};
		5D299DF52201CB2300FA66C5 /* Release */ = {
			isa = XCBuildConfiguration;
			buildSettings = {
				ALWAYS_SEARCH_USER_PATHS = NO;
				CLANG_ANALYZER_NONNULL = YES;
				CLANG_ANALYZER_NUMBER_OBJECT_CONVERSION = YES_AGGRESSIVE;
				CLANG_CXX_LANGUAGE_STANDARD = "gnu++14";
				CLANG_CXX_LIBRARY = "libc++";
				CLANG_ENABLE_MODULES = YES;
				CLANG_ENABLE_OBJC_ARC = YES;
				CLANG_ENABLE_OBJC_WEAK = YES;
				CLANG_WARN_BLOCK_CAPTURE_AUTORELEASING = YES;
				CLANG_WARN_BOOL_CONVERSION = YES;
				CLANG_WARN_COMMA = YES;
				CLANG_WARN_CONSTANT_CONVERSION = YES;
				CLANG_WARN_DEPRECATED_OBJC_IMPLEMENTATIONS = YES;
				CLANG_WARN_DIRECT_OBJC_ISA_USAGE = YES_ERROR;
				CLANG_WARN_DOCUMENTATION_COMMENTS = YES;
				CLANG_WARN_EMPTY_BODY = YES;
				CLANG_WARN_ENUM_CONVERSION = YES;
				CLANG_WARN_INFINITE_RECURSION = YES;
				CLANG_WARN_INT_CONVERSION = YES;
				CLANG_WARN_NON_LITERAL_NULL_CONVERSION = YES;
				CLANG_WARN_OBJC_IMPLICIT_RETAIN_SELF = YES;
				CLANG_WARN_OBJC_LITERAL_CONVERSION = YES;
				CLANG_WARN_OBJC_ROOT_CLASS = YES_ERROR;
				CLANG_WARN_RANGE_LOOP_ANALYSIS = YES;
				CLANG_WARN_STRICT_PROTOTYPES = YES;
				CLANG_WARN_SUSPICIOUS_MOVE = YES;
				CLANG_WARN_UNGUARDED_AVAILABILITY = YES_AGGRESSIVE;
				CLANG_WARN_UNREACHABLE_CODE = YES;
				CLANG_WARN__DUPLICATE_METHOD_MATCH = YES;
				CODE_SIGN_IDENTITY = "iPhone Developer";
				COPY_PHASE_STRIP = NO;
				DEBUG_INFORMATION_FORMAT = "dwarf-with-dsym";
				ENABLE_NS_ASSERTIONS = NO;
				ENABLE_STRICT_OBJC_MSGSEND = YES;
				GCC_C_LANGUAGE_STANDARD = gnu11;
				GCC_NO_COMMON_BLOCKS = YES;
				GCC_WARN_64_TO_32_BIT_CONVERSION = YES;
				GCC_WARN_ABOUT_RETURN_TYPE = YES_ERROR;
				GCC_WARN_UNDECLARED_SELECTOR = YES;
				GCC_WARN_UNINITIALIZED_AUTOS = YES_AGGRESSIVE;
				GCC_WARN_UNUSED_FUNCTION = YES;
				GCC_WARN_UNUSED_VARIABLE = YES;
				IPHONEOS_DEPLOYMENT_TARGET = 12.1;
				MTL_ENABLE_DEBUG_INFO = NO;
				MTL_FAST_MATH = YES;
				SDKROOT = iphoneos;
				SWIFT_COMPILATION_MODE = wholemodule;
				SWIFT_OPTIMIZATION_LEVEL = "-O";
				VALIDATE_PRODUCT = YES;
			};
			name = Release;
		};
		5D299DF72201CB2300FA66C5 /* Debug */ = {
			isa = XCBuildConfiguration;
			buildSettings = {
				ASSETCATALOG_COMPILER_APPICON_NAME = AppIcon;
				CODE_SIGN_STYLE = Automatic;
				DEVELOPMENT_TEAM = 2KG7A9SR4C;
				INFOPLIST_FILE = TodoLists/Info.plist;
				LD_RUNPATH_SEARCH_PATHS = (
					"$(inherited)",
					"@executable_path/Frameworks",
				);
				PRODUCT_BUNDLE_IDENTIFIER = co.uk.curtisscott.TodoLists;
				PRODUCT_NAME = "$(TARGET_NAME)";
				SWIFT_VERSION = 4.2;
				TARGETED_DEVICE_FAMILY = "1,2";
			};
			name = Debug;
		};
		5D299DF82201CB2300FA66C5 /* Release */ = {
			isa = XCBuildConfiguration;
			buildSettings = {
				ASSETCATALOG_COMPILER_APPICON_NAME = AppIcon;
				CODE_SIGN_STYLE = Automatic;
				DEVELOPMENT_TEAM = 2KG7A9SR4C;
				INFOPLIST_FILE = TodoLists/Info.plist;
				LD_RUNPATH_SEARCH_PATHS = (
					"$(inherited)",
					"@executable_path/Frameworks",
				);
				PRODUCT_BUNDLE_IDENTIFIER = co.uk.curtisscott.TodoLists;
				PRODUCT_NAME = "$(TARGET_NAME)";
				SWIFT_VERSION = 4.2;
				TARGETED_DEVICE_FAMILY = "1,2";
			};
			name = Release;
		};
/* End XCBuildConfiguration section */

/* Begin XCConfigurationList section */
		5D299DDF2201CB2200FA66C5 /* Build configuration list for PBXProject "TodoLists" */ = {
			isa = XCConfigurationList;
			buildConfigurations = (
				5D299DF42201CB2300FA66C5 /* Debug */,
				5D299DF52201CB2300FA66C5 /* Release */,
			);
			defaultConfigurationIsVisible = 0;
			defaultConfigurationName = Release;
		};
		5D299DF62201CB2300FA66C5 /* Build configuration list for PBXNativeTarget "TodoLists" */ = {
			isa = XCConfigurationList;
			buildConfigurations = (
				5D299DF72201CB2300FA66C5 /* Debug */,
				5D299DF82201CB2300FA66C5 /* Release */,
			);
			defaultConfigurationIsVisible = 0;
			defaultConfigurationName = Release;
		};
/* End XCConfigurationList section */
	};
	rootObject = 5D299DDC2201CB2200FA66C5 /* Project object */;
}
